
Microsoft Visual Studio Solution File, Format Version 12.00
# Visual Studio Version 16
VisualStudioVersion = 16.0.31005.135
MinimumVisualStudioVersion = 10.0.40219.1
Project("{FAE04EC0-301F-11D3-BF4B-00C04F79EFBC}") = "DevCars.API", "DevCars.API\DevCars.API.csproj", "{2FF5E405-76DA-4181-AA31-78FC625ABDDA}"
EndProject
Global
	GlobalSection(SolutionConfigurationPlatforms) = preSolution
		Debug|Any CPU = Debug|Any CPU
		Release|Any CPU = Release|Any CPU
	EndGlobalSection
	GlobalSection(ProjectConfigurationPlatforms) = postSolution
		{2FF5E405-76DA-4181-AA31-78FC625ABDDA}.Debug|Any CPU.ActiveCfg = Debug|Any CPU
		{2FF5E405-76DA-4181-AA31-78FC625ABDDA}.Debug|Any CPU.Build.0 = Debug|Any CPU
		{2FF5E405-76DA-4181-AA31-78FC625ABDDA}.Release|Any CPU.ActiveCfg = Release|Any CPU
		{2FF5E405-76DA-4181-AA31-78FC625ABDDA}.Release|Any CPU.Build.0 = Release|Any CPU
	EndGlobalSection
	GlobalSection(SolutionProperties) = preSolution
		HideSolutionNode = FALSE
	EndGlobalSection
	GlobalSection(ExtensibilityGlobals) = postSolution
		SolutionGuid = {41E4A173-D3DD-4AD3-A8A6-507D4FC3A0E0}
	EndGlobalSection
EndGlobal
